
Microsoft Visual Studio Solution File, Format Version 12.00
# Visual Studio Version 16
VisualStudioVersion = 16.0.29905.134
MinimumVisualStudioVersion = 10.0.40219.1
Project("{FAE04EC0-301F-11D3-BF4B-00C04F79EFBC}") = "Task1", "Task1\Task1.csproj", "{24CCE9E0-12AF-4D18-A407-0FD3513670C1}"
EndProject
Global
	GlobalSection(SolutionConfigurationPlatforms) = preSolution
		Debug|Any CPU = Debug|Any CPU
		Release|Any CPU = Release|Any CPU
	EndGlobalSection
	GlobalSection(ProjectConfigurationPlatforms) = postSolution
		{24CCE9E0-12AF-4D18-A407-0FD3513670C1}.Debug|Any CPU.ActiveCfg = Debug|Any CPU
		{24CCE9E0-12AF-4D18-A407-0FD3513670C1}.Debug|Any CPU.Build.0 = Debug|Any CPU
		{24CCE9E0-12AF-4D18-A407-0FD3513670C1}.Release|Any CPU.ActiveCfg = Release|Any CPU
		{24CCE9E0-12AF-4D18-A407-0FD3513670C1}.Release|Any CPU.Build.0 = Release|Any CPU
	EndGlobalSection
	GlobalSection(SolutionProperties) = preSolution
		HideSolutionNode = FALSE
	EndGlobalSection
	GlobalSection(ExtensibilityGlobals) = postSolution
		SolutionGuid = {99D8DF91-648D-4FE1-8FFC-C8CD2A10F1F9}
	EndGlobalSection
EndGlobal
